
Microsoft Visual Studio Solution File, Format Version 12.00
# Visual Studio Version 17
VisualStudioVersion = 17.13.35825.156 d17.13
MinimumVisualStudioVersion = 10.0.40219.1
Project("{FAE04EC0-301F-11D3-BF4B-00C04F79EFBC}") = "HomeWork1", "HomeWork1\HomeWork1.csproj", "{0349025E-F08E-4EC4-940B-C3F8C933DF1A}"
EndProject
Global
	GlobalSection(SolutionConfigurationPlatforms) = preSolution
		Debug|Any CPU = Debug|Any CPU
		Release|Any CPU = Release|Any CPU
	EndGlobalSection
	GlobalSection(ProjectConfigurationPlatforms) = postSolution
		{0349025E-F08E-4EC4-940B-C3F8C933DF1A}.Debug|Any CPU.ActiveCfg = Debug|Any CPU
		{0349025E-F08E-4EC4-940B-C3F8C933DF1A}.Debug|Any CPU.Build.0 = Debug|Any CPU
		{0349025E-F08E-4EC4-940B-C3F8C933DF1A}.Release|Any CPU.ActiveCfg = Release|Any CPU
		{0349025E-F08E-4EC4-940B-C3F8C933DF1A}.Release|Any CPU.Build.0 = Release|Any CPU
	EndGlobalSection
	GlobalSection(SolutionProperties) = preSolution
		HideSolutionNode = FALSE
	EndGlobalSection
	GlobalSection(ExtensibilityGlobals) = postSolution
		SolutionGuid = {C084F18B-7DB6-43C8-9A40-5CCE937F8946}
	EndGlobalSection
EndGlobal
